// !$*UTF8*$!
{
	archiveVersion = 1;
	classes = {
	};
	objectVersion = 46;
	objects = {

/* Begin PBXBuildFile section */
		AFEF7D851E1EA6F500DFF240 /* AppDelegate.swift in Sources */ = {isa = PBXBuildFile; fileRef = AFEF7D841E1EA6F500DFF240 /* AppDelegate.swift */; };
		AFEF7D871E1EA6F500DFF240 /* ViewController.swift in Sources */ = {isa = PBXBuildFile; fileRef = AFEF7D861E1EA6F500DFF240 /* ViewController.swift */; };
		AFEF7D8A1E1EA6F500DFF240 /* Main.storyboard in Resources */ = {isa = PBXBuildFile; fileRef = AFEF7D881E1EA6F500DFF240 /* Main.storyboard */; };
		AFEF7D8C1E1EA6F500DFF240 /* Assets.xcassets in Resources */ = {isa = PBXBuildFile; fileRef = AFEF7D8B1E1EA6F500DFF240 /* Assets.xcassets */; };
		AFEF7D8F1E1EA6F500DFF240 /* LaunchScreen.storyboard in Resources */ = {isa = PBXBuildFile; fileRef = AFEF7D8D1E1EA6F500DFF240 /* LaunchScreen.storyboard */; };
/* End PBXBuildFile section */

/* Begin PBXFileReference section */
		AFEF7D811E1EA6F500DFF240 /* Scribe.app */ = {isa = PBXFileReference; explicitFileType = wrapper.application; includeInIndex = 0; path = Scribe.app; sourceTree = BUILT_PRODUCTS_DIR; };
		AFEF7D841E1EA6F500DFF240 /* AppDelegate.swift */ = {isa = PBXFileReference; lastKnownFileType = sourcecode.swift; path = AppDelegate.swift; sourceTree = "<group>"; };
		AFEF7D861E1EA6F500DFF240 /* ViewController.swift */ = {isa = PBXFileReference; lastKnownFileType = sourcecode.swift; path = ViewController.swift; sourceTree = "<group>"; };
		AFEF7D891E1EA6F500DFF240 /* Base */ = {isa = PBXFileReference; lastKnownFileType = file.storyboard; name = Base; path = Base.lproj/Main.storyboard; sourceTree = "<group>"; };
		AFEF7D8B1E1EA6F500DFF240 /* Assets.xcassets */ = {isa = PBXFileReference; lastKnownFileType = folder.assetcatalog; path = Assets.xcassets; sourceTree = "<group>"; };
		AFEF7D8E1E1EA6F500DFF240 /* Base */ = {isa = PBXFileReference; lastKnownFileType = file.storyboard; name = Base; path = Base.lproj/LaunchScreen.storyboard; sourceTree = "<group>"; };
		AFEF7D901E1EA6F500DFF240 /* Info.plist */ = {isa = PBXFileReference; lastKnownFileType = text.plist.xml; path = Info.plist; sourceTree = "<group>"; };
/* End PBXFileReference section */

/* Begin PBXFrameworksBuildPhase section */
		AFEF7D7E1E1EA6F500DFF240 /* Frameworks */ = {
			isa = PBXFrameworksBuildPhase;
			buildActionMask = 2147483647;
			files = (
			);
			runOnlyForDeploymentPostprocessing = 0;
		};
/* End PBXFrameworksBuildPhase section */

/* Begin PBXGroup section */
		AFEF7D781E1EA6F500DFF240 = {
			isa = PBXGroup;
			children = (
				AFEF7D831E1EA6F500DFF240 /* Scribe */,
				AFEF7D821E1EA6F500DFF240 /* Products */,
			);
			sourceTree = "<group>";
		};
		AFEF7D821E1EA6F500DFF240 /* Products */ = {
			isa = PBXGroup;
			children = (
				AFEF7D811E1EA6F500DFF240 /* Scribe.app */,
			);
			name = Products;
			sourceTree = "<group>";
		};
		AFEF7D831E1EA6F500DFF240 /* Scribe */ = {
			isa = PBXGroup;
			children = (
				AFEF7D961E1EBE6400DFF240 /* Storyboards */,
				AFEF7D841E1EA6F500DFF240 /* AppDelegate.swift */,
				AFEF7D861E1EA6F500DFF240 /* ViewController.swift */,
				AFEF7D8B1E1EA6F500DFF240 /* Assets.xcassets */,
				AFEF7D901E1EA6F500DFF240 /* Info.plist */,
			);
			path = Scribe;
			sourceTree = "<group>";
		};
		AFEF7D961E1EBE6400DFF240 /* Storyboards */ = {
			isa = PBXGroup;
			children = (
				AFEF7D8D1E1EA6F500DFF240 /* LaunchScreen.storyboard */,
				AFEF7D881E1EA6F500DFF240 /* Main.storyboard */,
			);
			name = Storyboards;
			sourceTree = "<group>";
		};
/* End PBXGroup section */

/* Begin PBXNativeTarget section */
		AFEF7D801E1EA6F500DFF240 /* Scribe */ = {
			isa = PBXNativeTarget;
			buildConfigurationList = AFEF7D931E1EA6F600DFF240 /* Build configuration list for PBXNativeTarget "Scribe" */;
			buildPhases = (
				AFEF7D7D1E1EA6F500DFF240 /* Sources */,
				AFEF7D7E1E1EA6F500DFF240 /* Frameworks */,
				AFEF7D7F1E1EA6F500DFF240 /* Resources */,
			);
			buildRules = (
			);
			dependencies = (
			);
			name = Scribe;
			productName = Scribe;
			productReference = AFEF7D811E1EA6F500DFF240 /* Scribe.app */;
			productType = "com.apple.product-type.application";
		};
/* End PBXNativeTarget section */

/* Begin PBXProject section */
		AFEF7D791E1EA6F500DFF240 /* Project object */ = {
			isa = PBXProject;
			attributes = {
				LastSwiftUpdateCheck = 0820;
				LastUpgradeCheck = 0820;
				ORGANIZATIONNAME = "Student Driver";
				TargetAttributes = {
					AFEF7D801E1EA6F500DFF240 = {
						CreatedOnToolsVersion = 8.2;
						DevelopmentTeam = ND43N89R4B;
						ProvisioningStyle = Automatic;
					};
				};
			};
			buildConfigurationList = AFEF7D7C1E1EA6F500DFF240 /* Build configuration list for PBXProject "Scribe" */;
			compatibilityVersion = "Xcode 3.2";
			developmentRegion = English;
			hasScannedForEncodings = 0;
			knownRegions = (
				en,
				Base,
			);
			mainGroup = AFEF7D781E1EA6F500DFF240;
			productRefGroup = AFEF7D821E1EA6F500DFF240 /* Products */;
			projectDirPath = "";
			projectRoot = "";
			targets = (
				AFEF7D801E1EA6F500DFF240 /* Scribe */,
			);
		};
/* End PBXProject section */

/* Begin PBXResourcesBuildPhase section */
		AFEF7D7F1E1EA6F500DFF240 /* Resources */ = {
			isa = PBXResourcesBuildPhase;
			buildActionMask = 2147483647;
			files = (
				AFEF7D8F1E1EA6F500DFF240 /* LaunchScreen.storyboard in Resources */,
				AFEF7D8C1E1EA6F500DFF240 /* Assets.xcassets in Resources */,
				AFEF7D8A1E1EA6F500DFF240 /* Main.storyboard in Resources */,
			);
			runOnlyForDeploymentPostprocessing = 0;
		};
/* End PBXResourcesBuildPhase section */

/* Begin PBXSourcesBuildPhase section */
		AFEF7D7D1E1EA6F500DFF240 /* Sources */ = {
			isa = PBXSourcesBuildPhase;
			buildActionMask = 2147483647;
			files = (
				AFEF7D871E1EA6F500DFF240 /* ViewController.swift in Sources */,
				AFEF7D851E1EA6F500DFF240 /* AppDelegate.swift in Sources */,
			);
			runOnlyForDeploymentPostprocessing = 0;
		};
/* End PBXSourcesBuildPhase section */

/* Begin PBXVariantGroup section */
		AFEF7D881E1EA6F500DFF240 /* Main.storyboard */ = {
			isa = PBXVariantGroup;
			children = (
				AFEF7D891E1EA6F500DFF240 /* Base */,
			);
			name = Main.storyboard;
			sourceTree = "<group>";
		};
		AFEF7D8D1E1EA6F500DFF240 /* LaunchScreen.storyboard */ = {
			isa = PBXVariantGroup;
			children = (
				AFEF7D8E1E1EA6F500DFF240 /* Base */,
			);
			name = LaunchScreen.storyboard;
			sourceTree = "<group>";
		};
/* End PBXVariantGroup section */

/* Begin XCBuildConfiguration section */
		AFEF7D911E1EA6F600DFF240 /* Debug */ = {
			isa = XCBuildConfiguration;
			buildSettings = {
				ALWAYS_SEARCH_USER_PATHS = NO;
				CLANG_ANALYZER_NONNULL = YES;
				CLANG_CXX_LANGUAGE_STANDARD = "gnu++0x";
				CLANG_CXX_LIBRARY = "libc++";
				CLANG_ENABLE_MODULES = YES;
				CLANG_ENABLE_OBJC_ARC = YES;
				CLANG_WARN_BOOL_CONVERSION = YES;
				CLANG_WARN_CONSTANT_CONVERSION = YES;
				CLANG_WARN_DIRECT_OBJC_ISA_USAGE = YES_ERROR;
				CLANG_WARN_DOCUMENTATION_COMMENTS = YES;
				CLANG_WARN_EMPTY_BODY = YES;
				CLANG_WARN_ENUM_CONVERSION = YES;
				CLANG_WARN_INFINITE_RECURSION = YES;
				CLANG_WARN_INT_CONVERSION = YES;
				CLANG_WARN_OBJC_ROOT_CLASS = YES_ERROR;
				CLANG_WARN_SUSPICIOUS_MOVE = YES;
				CLANG_WARN_UNREACHABLE_CODE = YES;
				CLANG_WARN__DUPLICATE_METHOD_MATCH = YES;
				"CODE_SIGN_IDENTITY[sdk=iphoneos*]" = "iPhone Developer";
				COPY_PHASE_STRIP = NO;
				DEBUG_INFORMATION_FORMAT = dwarf;
				ENABLE_STRICT_OBJC_MSGSEND = YES;
				ENABLE_TESTABILITY = YES;
				GCC_C_LANGUAGE_STANDARD = gnu99;
				GCC_DYNAMIC_NO_PIC = NO;
				GCC_NO_COMMON_BLOCKS = YES;
				GCC_OPTIMIZATION_LEVEL = 0;
				GCC_PREPROCESSOR_DEFINITIONS = (
					"DEBUG=1",
					"$(inherited)",
				);
				GCC_WARN_64_TO_32_BIT_CONVERSION = YES;
				GCC_WARN_ABOUT_RETURN_TYPE = YES_ERROR;
				GCC_WARN_UNDECLARED_SELECTOR = YES;
				GCC_WARN_UNINITIALIZED_AUTOS = YES_AGGRESSIVE;
				GCC_WARN_UNUSED_FUNCTION = YES;
				GCC_WARN_UNUSED_VARIABLE = YES;
				IPHONEOS_DEPLOYMENT_TARGET = 10.2;
				MTL_ENABLE_DEBUG_INFO = YES;
				ONLY_ACTIVE_ARCH = YES;
				SDKROOT = iphoneos;
				SWIFT_ACTIVE_COMPILATION_CONDITIONS = DEBUG;
				SWIFT_OPTIMIZATION_LEVEL = "-Onone";
			};
			name = Debug;
		};
		AFEF7D921E1EA6F600DFF240 /* Release */ = {
			isa = XCBuildConfiguration;
			buildSettings = {
				ALWAYS_SEARCH_USER_PATHS = NO;
				CLANG_ANALYZER_NONNULL = YES;
				CLANG_CXX_LANGUAGE_STANDARD = "gnu++0x";
				CLANG_CXX_LIBRARY = "libc++";
				CLANG_ENABLE_MODULES = YES;
				CLANG_ENABLE_OBJC_ARC = YES;
				CLANG_WARN_BOOL_CONVERSION = YES;
				CLANG_WARN_CONSTANT_CONVERSION = YES;
				CLANG_WARN_DIRECT_OBJC_ISA_USAGE = YES_ERROR;
				CLANG_WARN_DOCUMENTATION_COMMENTS = YES;
				CLANG_WARN_EMPTY_BODY = YES;
				CLANG_WARN_ENUM_CONVERSION = YES;
				CLANG_WARN_INFINITE_RECURSION = YES;
				CLANG_WARN_INT_CONVERSION = YES;
				CLANG_WARN_OBJC_ROOT_CLASS = YES_ERROR;
				CLANG_WARN_SUSPICIOUS_MOVE = YES;
				CLANG_WARN_UNREACHABLE_CODE = YES;
				CLANG_WARN__DUPLICATE_METHOD_MATCH = YES;
				"CODE_SIGN_IDENTITY[sdk=iphoneos*]" = "iPhone Developer";
				COPY_PHASE_STRIP = NO;
				DEBUG_INFORMATION_FORMAT = "dwarf-with-dsym";
				ENABLE_NS_ASSERTIONS = NO;
				ENABLE_STRICT_OBJC_MSGSEND = YES;
				GCC_C_LANGUAGE_STANDARD = gnu99;
				GCC_NO_COMMON_BLOCKS = YES;
				GCC_WARN_64_TO_32_BIT_CONVERSION = YES;
				GCC_WARN_ABOUT_RETURN_TYPE = YES_ERROR;
				GCC_WARN_UNDECLARED_SELECTOR = YES;
				GCC_WARN_UNINITIALIZED_AUTOS = YES_AGGRESSIVE;
				GCC_WARN_UNUSED_FUNCTION = YES;
				GCC_WARN_UNUSED_VARIABLE = YES;
				IPHONEOS_DEPLOYMENT_TARGET = 10.2;
				MTL_ENABLE_DEBUG_INFO = NO;
				SDKROOT = iphoneos;
				SWIFT_OPTIMIZATION_LEVEL = "-Owholemodule";
				VALIDATE_PRODUCT = YES;
			};
			name = Release;
		};
		AFEF7D941E1EA6F600DFF240 /* Debug */ = {
			isa = XCBuildConfiguration;
			buildSettings = {
				ASSETCATALOG_COMPILER_APPICON_NAME = AppIcon;
				DEVELOPMENT_TEAM = ND43N89R4B;
				INFOPLIST_FILE = Scribe/Info.plist;
				LD_RUNPATH_SEARCH_PATHS = "$(inherited) @executable_path/Frameworks";
				PRODUCT_BUNDLE_IDENTIFIER = io.studentdriver.Scribe;
				PRODUCT_NAME = "$(TARGET_NAME)";
				SWIFT_VERSION = 3.0;
			};
			name = Debug;
		};
		AFEF7D951E1EA6F600DFF240 /* Release */ = {
			isa = XCBuildConfiguration;
			buildSettings = {
				ASSETCATALOG_COMPILER_APPICON_NAME = AppIcon;
				DEVELOPMENT_TEAM = ND43N89R4B;
				INFOPLIST_FILE = Scribe/Info.plist;
				LD_RUNPATH_SEARCH_PATHS = "$(inherited) @executable_path/Frameworks";
				PRODUCT_BUNDLE_IDENTIFIER = io.studentdriver.Scribe;
				PRODUCT_NAME = "$(TARGET_NAME)";
				SWIFT_VERSION = 3.0;
			};
			name = Release;
		};
/* End XCBuildConfiguration section */

/* Begin XCConfigurationList section */
		AFEF7D7C1E1EA6F500DFF240 /* Build configuration list for PBXProject "Scribe" */ = {
			isa = XCConfigurationList;
			buildConfigurations = (
				AFEF7D911E1EA6F600DFF240 /* Debug */,
				AFEF7D921E1EA6F600DFF240 /* Release */,
			);
			defaultConfigurationIsVisible = 0;
			defaultConfigurationName = Release;
		};
		AFEF7D931E1EA6F600DFF240 /* Build configuration list for PBXNativeTarget "Scribe" */ = {
			isa = XCConfigurationList;
			buildConfigurations = (
				AFEF7D941E1EA6F600DFF240 /* Debug */,
				AFEF7D951E1EA6F600DFF240 /* Release */,
			);
			defaultConfigurationIsVisible = 0;
		};
/* End XCConfigurationList section */
	};
	rootObject = AFEF7D791E1EA6F500DFF240 /* Project object */;
}
